// !$*UTF8*$!
{
	archiveVersion = 1;
	classes = {
	};
	objectVersion = 55;
	objects = {

/* Begin PBXBuildFile section */
		7749E9572813069800A8E5F9 /* StartViewController.swift in Sources */ = {isa = PBXBuildFile; fileRef = 7749E9562813069700A8E5F9 /* StartViewController.swift */; };
		776856B42804C16A00363385 /* AppDelegate.swift in Sources */ = {isa = PBXBuildFile; fileRef = 776856B32804C16A00363385 /* AppDelegate.swift */; };
		776856B62804C16A00363385 /* SceneDelegate.swift in Sources */ = {isa = PBXBuildFile; fileRef = 776856B52804C16A00363385 /* SceneDelegate.swift */; };
		776856B82804C16A00363385 /* JournalViewController.swift in Sources */ = {isa = PBXBuildFile; fileRef = 776856B72804C16A00363385 /* JournalViewController.swift */; };
		776856BB2804C16A00363385 /* Main.storyboard in Resources */ = {isa = PBXBuildFile; fileRef = 776856B92804C16A00363385 /* Main.storyboard */; };
		776856BE2804C16A00363385 /* EatWell.xcdatamodeld in Sources */ = {isa = PBXBuildFile; fileRef = 776856BC2804C16A00363385 /* EatWell.xcdatamodeld */; };
		776856C02804C16F00363385 /* Assets.xcassets in Resources */ = {isa = PBXBuildFile; fileRef = 776856BF2804C16F00363385 /* Assets.xcassets */; };
		776856C32804C16F00363385 /* LaunchScreen.storyboard in Resources */ = {isa = PBXBuildFile; fileRef = 776856C12804C16F00363385 /* LaunchScreen.storyboard */; };
		7782B9402805E51400493C7E /* JournalButton.swift in Sources */ = {isa = PBXBuildFile; fileRef = 7782B93F2805E51400493C7E /* JournalButton.swift */; };
		7782B95A280697D200493C7E /* SnapshotViewController.swift in Sources */ = {isa = PBXBuildFile; fileRef = 7782B959280697D200493C7E /* SnapshotViewController.swift */; };
		7782B95E2806B21100493C7E /* HealthKit.framework in Frameworks */ = {isa = PBXBuildFile; fileRef = 7782B95D2806B21100493C7E /* HealthKit.framework */; };
		778DE23F28554E2000004021 /* HealthKitFunctions.swift in Sources */ = {isa = PBXBuildFile; fileRef = 778DE23E28554E2000004021 /* HealthKitFunctions.swift */; };
		778F3AF82804F72F000B4264 /* JournalCollectionViewCell.swift in Sources */ = {isa = PBXBuildFile; fileRef = 778F3AF72804F72F000B4264 /* JournalCollectionViewCell.swift */; };
		778F3AFA28050463000B4264 /* JournalTableViewCell.swift in Sources */ = {isa = PBXBuildFile; fileRef = 778F3AF928050463000B4264 /* JournalTableViewCell.swift */; };
		779CE3912807B0E1009EDE1C /* Entry+CoreDataClass.swift in Sources */ = {isa = PBXBuildFile; fileRef = 779CE38D2807B0E1009EDE1C /* Entry+CoreDataClass.swift */; };
		779CE3922807B0E1009EDE1C /* Entry+CoreDataProperties.swift in Sources */ = {isa = PBXBuildFile; fileRef = 779CE38E2807B0E1009EDE1C /* Entry+CoreDataProperties.swift */; };
		77FFCEC42807F78F00B82B59 /* ProfileViewController.swift in Sources */ = {isa = PBXBuildFile; fileRef = 77FFCEC32807F78E00B82B59 /* ProfileViewController.swift */; };
/* End PBXBuildFile section */

/* Begin PBXFileReference section */
		7749E9562813069700A8E5F9 /* StartViewController.swift */ = {isa = PBXFileReference; lastKnownFileType = sourcecode.swift; path = StartViewController.swift; sourceTree = "<group>"; };
		776856B02804C16A00363385 /* EatWell.app */ = {isa = PBXFileReference; explicitFileType = wrapper.application; includeInIndex = 0; path = EatWell.app; sourceTree = BUILT_PRODUCTS_DIR; };
		776856B32804C16A00363385 /* AppDelegate.swift */ = {isa = PBXFileReference; lastKnownFileType = sourcecode.swift; path = AppDelegate.swift; sourceTree = "<group>"; };
		776856B52804C16A00363385 /* SceneDelegate.swift */ = {isa = PBXFileReference; lastKnownFileType = sourcecode.swift; path = SceneDelegate.swift; sourceTree = "<group>"; };
		776856B72804C16A00363385 /* JournalViewController.swift */ = {isa = PBXFileReference; lastKnownFileType = sourcecode.swift; path = JournalViewController.swift; sourceTree = "<group>"; };
		776856BA2804C16A00363385 /* Base */ = {isa = PBXFileReference; lastKnownFileType = file.storyboard; name = Base; path = Base.lproj/Main.storyboard; sourceTree = "<group>"; };
		776856BD2804C16A00363385 /* EatWell.xcdatamodel */ = {isa = PBXFileReference; lastKnownFileType = wrapper.xcdatamodel; path = EatWell.xcdatamodel; sourceTree = "<group>"; };
		776856BF2804C16F00363385 /* Assets.xcassets */ = {isa = PBXFileReference; lastKnownFileType = folder.assetcatalog; path = Assets.xcassets; sourceTree = "<group>"; };
		776856C22804C16F00363385 /* Base */ = {isa = PBXFileReference; lastKnownFileType = file.storyboard; name = Base; path = Base.lproj/LaunchScreen.storyboard; sourceTree = "<group>"; };
		776856C42804C17000363385 /* Info.plist */ = {isa = PBXFileReference; lastKnownFileType = text.plist.xml; path = Info.plist; sourceTree = "<group>"; };
		7782B93F2805E51400493C7E /* JournalButton.swift */ = {isa = PBXFileReference; lastKnownFileType = sourcecode.swift; path = JournalButton.swift; sourceTree = "<group>"; };
		7782B959280697D200493C7E /* SnapshotViewController.swift */ = {isa = PBXFileReference; lastKnownFileType = sourcecode.swift; path = SnapshotViewController.swift; sourceTree = "<group>"; };
		7782B95B2806B21100493C7E /* EatWell.entitlements */ = {isa = PBXFileReference; lastKnownFileType = text.plist.entitlements; path = EatWell.entitlements; sourceTree = "<group>"; };
		7782B95D2806B21100493C7E /* HealthKit.framework */ = {isa = PBXFileReference; lastKnownFileType = wrapper.framework; name = HealthKit.framework; path = System/Library/Frameworks/HealthKit.framework; sourceTree = SDKROOT; };
		778DE23E28554E2000004021 /* HealthKitFunctions.swift */ = {isa = PBXFileReference; lastKnownFileType = sourcecode.swift; path = HealthKitFunctions.swift; sourceTree = "<group>"; };
		778F3AF72804F72F000B4264 /* JournalCollectionViewCell.swift */ = {isa = PBXFileReference; lastKnownFileType = sourcecode.swift; path = JournalCollectionViewCell.swift; sourceTree = "<group>"; };
		778F3AF928050463000B4264 /* JournalTableViewCell.swift */ = {isa = PBXFileReference; lastKnownFileType = sourcecode.swift; path = JournalTableViewCell.swift; sourceTree = "<group>"; };
		779CE38D2807B0E1009EDE1C /* Entry+CoreDataClass.swift */ = {isa = PBXFileReference; lastKnownFileType = sourcecode.swift; path = "Entry+CoreDataClass.swift"; sourceTree = "<group>"; };
		779CE38E2807B0E1009EDE1C /* Entry+CoreDataProperties.swift */ = {isa = PBXFileReference; lastKnownFileType = sourcecode.swift; path = "Entry+CoreDataProperties.swift"; sourceTree = "<group>"; };
		77FFCEC32807F78E00B82B59 /* ProfileViewController.swift */ = {isa = PBXFileReference; lastKnownFileType = sourcecode.swift; path = ProfileViewController.swift; sourceTree = "<group>"; };
/* End PBXFileReference section */

/* Begin PBXFrameworksBuildPhase section */
		776856AD2804C16A00363385 /* Frameworks */ = {
			isa = PBXFrameworksBuildPhase;
			buildActionMask = 2147483647;
			files = (
				7782B95E2806B21100493C7E /* HealthKit.framework in Frameworks */,
			);
			runOnlyForDeploymentPostprocessing = 0;
		};
/* End PBXFrameworksBuildPhase section */

/* Begin PBXGroup section */
		776856A72804C16A00363385 = {
			isa = PBXGroup;
			children = (
				776856B22804C16A00363385 /* EatWell */,
				776856B12804C16A00363385 /* Products */,
				7782B95C2806B21100493C7E /* Frameworks */,
			);
			sourceTree = "<group>";
		};
		776856B12804C16A00363385 /* Products */ = {
			isa = PBXGroup;
			children = (
				776856B02804C16A00363385 /* EatWell.app */,
			);
			name = Products;
			sourceTree = "<group>";
		};
		776856B22804C16A00363385 /* EatWell */ = {
			isa = PBXGroup;
			children = (
				7782B95B2806B21100493C7E /* EatWell.entitlements */,
				776856B32804C16A00363385 /* AppDelegate.swift */,
				776856B52804C16A00363385 /* SceneDelegate.swift */,
				7782B93E2805E4FB00493C7E /* Misc */,
				776856CC2804F01700363385 /* View Controllers */,
				776856CB2804F01200363385 /* Models */,
				776856CA2804F00D00363385 /* Views */,
				776856B92804C16A00363385 /* Main.storyboard */,
				776856BF2804C16F00363385 /* Assets.xcassets */,
				776856C12804C16F00363385 /* LaunchScreen.storyboard */,
				776856C42804C17000363385 /* Info.plist */,
				776856BC2804C16A00363385 /* EatWell.xcdatamodeld */,
			);
			path = EatWell;
			sourceTree = "<group>";
		};
		776856CA2804F00D00363385 /* Views */ = {
			isa = PBXGroup;
			children = (
				778F3AF72804F72F000B4264 /* JournalCollectionViewCell.swift */,
				778F3AF928050463000B4264 /* JournalTableViewCell.swift */,
			);
			path = Views;
			sourceTree = "<group>";
		};
		776856CB2804F01200363385 /* Models */ = {
			isa = PBXGroup;
			children = (
				779CE38D2807B0E1009EDE1C /* Entry+CoreDataClass.swift */,
				779CE38E2807B0E1009EDE1C /* Entry+CoreDataProperties.swift */,
			);
			path = Models;
			sourceTree = "<group>";
		};
		776856CC2804F01700363385 /* View Controllers */ = {
			isa = PBXGroup;
			children = (
				776856B72804C16A00363385 /* JournalViewController.swift */,
				7782B959280697D200493C7E /* SnapshotViewController.swift */,
				77FFCEC32807F78E00B82B59 /* ProfileViewController.swift */,
				7749E9562813069700A8E5F9 /* StartViewController.swift */,
			);
			path = "View Controllers";
			sourceTree = "<group>";
		};
		7782B93E2805E4FB00493C7E /* Misc */ = {
			isa = PBXGroup;
			children = (
				7782B93F2805E51400493C7E /* JournalButton.swift */,
				778DE23E28554E2000004021 /* HealthKitFunctions.swift */,
			);
			path = Misc;
			sourceTree = "<group>";
		};
		7782B95C2806B21100493C7E /* Frameworks */ = {
			isa = PBXGroup;
			children = (
				7782B95D2806B21100493C7E /* HealthKit.framework */,
			);
			name = Frameworks;
			sourceTree = "<group>";
		};
/* End PBXGroup section */

/* Begin PBXNativeTarget section */
		776856AF2804C16A00363385 /* EatWell */ = {
			isa = PBXNativeTarget;
			buildConfigurationList = 776856C72804C17000363385 /* Build configuration list for PBXNativeTarget "EatWell" */;
			buildPhases = (
				776856AC2804C16A00363385 /* Sources */,
				776856AD2804C16A00363385 /* Frameworks */,
				776856AE2804C16A00363385 /* Resources */,
			);
			buildRules = (
			);
			dependencies = (
			);
			name = EatWell;
			productName = EatWell;
			productReference = 776856B02804C16A00363385 /* EatWell.app */;
			productType = "com.apple.product-type.application";
		};
/* End PBXNativeTarget section */

/* Begin PBXProject section */
		776856A82804C16A00363385 /* Project object */ = {
			isa = PBXProject;
			attributes = {
				BuildIndependentTargetsInParallel = 1;
				LastSwiftUpdateCheck = 1330;
				LastUpgradeCheck = 1330;
				TargetAttributes = {
					776856AF2804C16A00363385 = {
						CreatedOnToolsVersion = 13.3;
					};
				};
			};
			buildConfigurationList = 776856AB2804C16A00363385 /* Build configuration list for PBXProject "EatWell" */;
			compatibilityVersion = "Xcode 13.0";
			developmentRegion = en;
			hasScannedForEncodings = 0;
			knownRegions = (
				en,
				Base,
			);
			mainGroup = 776856A72804C16A00363385;
			productRefGroup = 776856B12804C16A00363385 /* Products */;
			projectDirPath = "";
			projectRoot = "";
			targets = (
				776856AF2804C16A00363385 /* EatWell */,
			);
		};
/* End PBXProject section */

/* Begin PBXResourcesBuildPhase section */
		776856AE2804C16A00363385 /* Resources */ = {
			isa = PBXResourcesBuildPhase;
			buildActionMask = 2147483647;
			files = (
				776856C32804C16F00363385 /* LaunchScreen.storyboard in Resources */,
				776856C02804C16F00363385 /* Assets.xcassets in Resources */,
				776856BB2804C16A00363385 /* Main.storyboard in Resources */,
			);
			runOnlyForDeploymentPostprocessing = 0;
		};
/* End PBXResourcesBuildPhase section */

/* Begin PBXSourcesBuildPhase section */
		776856AC2804C16A00363385 /* Sources */ = {
			isa = PBXSourcesBuildPhase;
			buildActionMask = 2147483647;
			files = (
				7782B95A280697D200493C7E /* SnapshotViewController.swift in Sources */,
				778F3AF82804F72F000B4264 /* JournalCollectionViewCell.swift in Sources */,
				778F3AFA28050463000B4264 /* JournalTableViewCell.swift in Sources */,
				776856B82804C16A00363385 /* JournalViewController.swift in Sources */,
				779CE3922807B0E1009EDE1C /* Entry+CoreDataProperties.swift in Sources */,
				779CE3912807B0E1009EDE1C /* Entry+CoreDataClass.swift in Sources */,
				77FFCEC42807F78F00B82B59 /* ProfileViewController.swift in Sources */,
				7749E9572813069800A8E5F9 /* StartViewController.swift in Sources */,
				776856B42804C16A00363385 /* AppDelegate.swift in Sources */,
				778DE23F28554E2000004021 /* HealthKitFunctions.swift in Sources */,
				776856BE2804C16A00363385 /* EatWell.xcdatamodeld in Sources */,
				7782B9402805E51400493C7E /* JournalButton.swift in Sources */,
				776856B62804C16A00363385 /* SceneDelegate.swift in Sources */,
			);
			runOnlyForDeploymentPostprocessing = 0;
		};
/* End PBXSourcesBuildPhase section */

/* Begin PBXVariantGroup section */
		776856B92804C16A00363385 /* Main.storyboard */ = {
			isa = PBXVariantGroup;
			children = (
				776856BA2804C16A00363385 /* Base */,
			);
			name = Main.storyboard;
			sourceTree = "<group>";
		};
		776856C12804C16F00363385 /* LaunchScreen.storyboard */ = {
			isa = PBXVariantGroup;
			children = (
				776856C22804C16F00363385 /* Base */,
			);
			name = LaunchScreen.storyboard;
			sourceTree = "<group>";
		};
/* End PBXVariantGroup section */

/* Begin XCBuildConfiguration section */
		776856C52804C17000363385 /* Debug */ = {
			isa = XCBuildConfiguration;
			buildSettings = {
				ALWAYS_SEARCH_USER_PATHS = NO;
				CLANG_ANALYZER_NONNULL = YES;
				CLANG_ANALYZER_NUMBER_OBJECT_CONVERSION = YES_AGGRESSIVE;
				CLANG_CXX_LANGUAGE_STANDARD = "gnu++17";
				CLANG_ENABLE_MODULES = YES;
				CLANG_ENABLE_OBJC_ARC = YES;
				CLANG_ENABLE_OBJC_WEAK = YES;
				CLANG_WARN_BLOCK_CAPTURE_AUTORELEASING = YES;
				CLANG_WARN_BOOL_CONVERSION = YES;
				CLANG_WARN_COMMA = YES;
				CLANG_WARN_CONSTANT_CONVERSION = YES;
				CLANG_WARN_DEPRECATED_OBJC_IMPLEMENTATIONS = YES;
				CLANG_WARN_DIRECT_OBJC_ISA_USAGE = YES_ERROR;
				CLANG_WARN_DOCUMENTATION_COMMENTS = YES;
				CLANG_WARN_EMPTY_BODY = YES;
				CLANG_WARN_ENUM_CONVERSION = YES;
				CLANG_WARN_INFINITE_RECURSION = YES;
				CLANG_WARN_INT_CONVERSION = YES;
				CLANG_WARN_NON_LITERAL_NULL_CONVERSION = YES;
				CLANG_WARN_OBJC_IMPLICIT_RETAIN_SELF = YES;
				CLANG_WARN_OBJC_LITERAL_CONVERSION = YES;
				CLANG_WARN_OBJC_ROOT_CLASS = YES_ERROR;
				CLANG_WARN_QUOTED_INCLUDE_IN_FRAMEWORK_HEADER = YES;
				CLANG_WARN_RANGE_LOOP_ANALYSIS = YES;
				CLANG_WARN_STRICT_PROTOTYPES = YES;
				CLANG_WARN_SUSPICIOUS_MOVE = YES;
				CLANG_WARN_UNGUARDED_AVAILABILITY = YES_AGGRESSIVE;
				CLANG_WARN_UNREACHABLE_CODE = YES;
				CLANG_WARN__DUPLICATE_METHOD_MATCH = YES;
				COPY_PHASE_STRIP = NO;
				DEBUG_INFORMATION_FORMAT = dwarf;
				ENABLE_STRICT_OBJC_MSGSEND = YES;
				ENABLE_TESTABILITY = YES;
				GCC_C_LANGUAGE_STANDARD = gnu11;
				GCC_DYNAMIC_NO_PIC = NO;
				GCC_NO_COMMON_BLOCKS = YES;
				GCC_OPTIMIZATION_LEVEL = 0;
				GCC_PREPROCESSOR_DEFINITIONS = (
					"DEBUG=1",
					"$(inherited)",
				);
				GCC_WARN_64_TO_32_BIT_CONVERSION = YES;
				GCC_WARN_ABOUT_RETURN_TYPE = YES_ERROR;
				GCC_WARN_UNDECLARED_SELECTOR = YES;
				GCC_WARN_UNINITIALIZED_AUTOS = YES_AGGRESSIVE;
				GCC_WARN_UNUSED_FUNCTION = YES;
				GCC_WARN_UNUSED_VARIABLE = YES;
				IPHONEOS_DEPLOYMENT_TARGET = 15.4;
				MTL_ENABLE_DEBUG_INFO = INCLUDE_SOURCE;
				MTL_FAST_MATH = YES;
				ONLY_ACTIVE_ARCH = YES;
				SDKROOT = iphoneos;
				SWIFT_ACTIVE_COMPILATION_CONDITIONS = DEBUG;
				SWIFT_OPTIMIZATION_LEVEL = "-Onone";
			};
			name = Debug;
		};
		776856C62804C17000363385 /* Release */ = {
			isa = XCBuildConfiguration;
			buildSettings = {
				ALWAYS_SEARCH_USER_PATHS = NO;
				CLANG_ANALYZER_NONNULL = YES;
				CLANG_ANALYZER_NUMBER_OBJECT_CONVERSION = YES_AGGRESSIVE;
				CLANG_CXX_LANGUAGE_STANDARD = "gnu++17";
				CLANG_ENABLE_MODULES = YES;
				CLANG_ENABLE_OBJC_ARC = YES;
				CLANG_ENABLE_OBJC_WEAK = YES;
				CLANG_WARN_BLOCK_CAPTURE_AUTORELEASING = YES;
				CLANG_WARN_BOOL_CONVERSION = YES;
				CLANG_WARN_COMMA = YES;
				CLANG_WARN_CONSTANT_CONVERSION = YES;
				CLANG_WARN_DEPRECATED_OBJC_IMPLEMENTATIONS = YES;
				CLANG_WARN_DIRECT_OBJC_ISA_USAGE = YES_ERROR;
				CLANG_WARN_DOCUMENTATION_COMMENTS = YES;
				CLANG_WARN_EMPTY_BODY = YES;
				CLANG_WARN_ENUM_CONVERSION = YES;
				CLANG_WARN_INFINITE_RECURSION = YES;
				CLANG_WARN_INT_CONVERSION = YES;
				CLANG_WARN_NON_LITERAL_NULL_CONVERSION = YES;
				CLANG_WARN_OBJC_IMPLICIT_RETAIN_SELF = YES;
				CLANG_WARN_OBJC_LITERAL_CONVERSION = YES;
				CLANG_WARN_OBJC_ROOT_CLASS = YES_ERROR;
				CLANG_WARN_QUOTED_INCLUDE_IN_FRAMEWORK_HEADER = YES;
				CLANG_WARN_RANGE_LOOP_ANALYSIS = YES;
				CLANG_WARN_STRICT_PROTOTYPES = YES;
				CLANG_WARN_SUSPICIOUS_MOVE = YES;
				CLANG_WARN_UNGUARDED_AVAILABILITY = YES_AGGRESSIVE;
				CLANG_WARN_UNREACHABLE_CODE = YES;
				CLANG_WARN__DUPLICATE_METHOD_MATCH = YES;
				COPY_PHASE_STRIP = NO;
				DEBUG_INFORMATION_FORMAT = "dwarf-with-dsym";
				ENABLE_NS_ASSERTIONS = NO;
				ENABLE_STRICT_OBJC_MSGSEND = YES;
				GCC_C_LANGUAGE_STANDARD = gnu11;
				GCC_NO_COMMON_BLOCKS = YES;
				GCC_WARN_64_TO_32_BIT_CONVERSION = YES;
				GCC_WARN_ABOUT_RETURN_TYPE = YES_ERROR;
				GCC_WARN_UNDECLARED_SELECTOR = YES;
				GCC_WARN_UNINITIALIZED_AUTOS = YES_AGGRESSIVE;
				GCC_WARN_UNUSED_FUNCTION = YES;
				GCC_WARN_UNUSED_VARIABLE = YES;
				IPHONEOS_DEPLOYMENT_TARGET = 15.4;
				MTL_ENABLE_DEBUG_INFO = NO;
				MTL_FAST_MATH = YES;
				SDKROOT = iphoneos;
				SWIFT_COMPILATION_MODE = wholemodule;
				SWIFT_OPTIMIZATION_LEVEL = "-O";
				VALIDATE_PRODUCT = YES;
			};
			name = Release;
		};
		776856C82804C17000363385 /* Debug */ = {
			isa = XCBuildConfiguration;
			buildSettings = {
				ASSETCATALOG_COMPILER_APPICON_NAME = AppIcon;
				ASSETCATALOG_COMPILER_GLOBAL_ACCENT_COLOR_NAME = AccentColor;
				CODE_SIGN_ENTITLEMENTS = EatWell/EatWell.entitlements;
				CODE_SIGN_STYLE = Automatic;
				CURRENT_PROJECT_VERSION = 1;
				DEVELOPMENT_TEAM = 82SV7T492R;
				GENERATE_INFOPLIST_FILE = YES;
				INFOPLIST_FILE = EatWell/Info.plist;
				INFOPLIST_KEY_NSHealthShareUsageDescription = "To better display user activity and health.";
				INFOPLIST_KEY_UIApplicationSupportsIndirectInputEvents = YES;
				INFOPLIST_KEY_UILaunchStoryboardName = LaunchScreen;
				INFOPLIST_KEY_UIMainStoryboardFile = Main;
				INFOPLIST_KEY_UISupportedInterfaceOrientations = UIInterfaceOrientationPortrait;
				INFOPLIST_KEY_UISupportedInterfaceOrientations_iPad = "UIInterfaceOrientationPortrait UIInterfaceOrientationPortraitUpsideDown UIInterfaceOrientationLandscapeLeft UIInterfaceOrientationLandscapeRight";
				INFOPLIST_KEY_UISupportedInterfaceOrientations_iPhone = "UIInterfaceOrientationPortrait UIInterfaceOrientationLandscapeLeft UIInterfaceOrientationLandscapeRight";
				LD_RUNPATH_SEARCH_PATHS = (
					"$(inherited)",
					"@executable_path/Frameworks",
				);
				MARKETING_VERSION = 1.0;
				PRODUCT_BUNDLE_IDENTIFIER = "com.gdavis-21.EatWell";
				PRODUCT_NAME = "$(TARGET_NAME)";
				SWIFT_EMIT_LOC_STRINGS = YES;
				SWIFT_VERSION = 5.0;
				TARGETED_DEVICE_FAMILY = 1;
			};
			name = Debug;
		};
		776856C92804C17000363385 /* Release */ = {
			isa = XCBuildConfiguration;
			buildSettings = {
				ASSETCATALOG_COMPILER_APPICON_NAME = AppIcon;
				ASSETCATALOG_COMPILER_GLOBAL_ACCENT_COLOR_NAME = AccentColor;
				CODE_SIGN_ENTITLEMENTS = EatWell/EatWell.entitlements;
				CODE_SIGN_STYLE = Automatic;
				CURRENT_PROJECT_VERSION = 1;
				DEVELOPMENT_TEAM = 82SV7T492R;
				GENERATE_INFOPLIST_FILE = YES;
				INFOPLIST_FILE = EatWell/Info.plist;
				INFOPLIST_KEY_NSHealthShareUsageDescription = "To better display user activity and health.";
				INFOPLIST_KEY_UIApplicationSupportsIndirectInputEvents = YES;
				INFOPLIST_KEY_UILaunchStoryboardName = LaunchScreen;
				INFOPLIST_KEY_UIMainStoryboardFile = Main;
				INFOPLIST_KEY_UISupportedInterfaceOrientations = UIInterfaceOrientationPortrait;
				INFOPLIST_KEY_UISupportedInterfaceOrientations_iPad = "UIInterfaceOrientationPortrait UIInterfaceOrientationPortraitUpsideDown UIInterfaceOrientationLandscapeLeft UIInterfaceOrientationLandscapeRight";
				INFOPLIST_KEY_UISupportedInterfaceOrientations_iPhone = "UIInterfaceOrientationPortrait UIInterfaceOrientationLandscapeLeft UIInterfaceOrientationLandscapeRight";
				LD_RUNPATH_SEARCH_PATHS = (
					"$(inherited)",
					"@executable_path/Frameworks",
				);
				MARKETING_VERSION = 1.0;
				PRODUCT_BUNDLE_IDENTIFIER = "com.gdavis-21.EatWell";
				PRODUCT_NAME = "$(TARGET_NAME)";
				SWIFT_EMIT_LOC_STRINGS = YES;
				SWIFT_VERSION = 5.0;
				TARGETED_DEVICE_FAMILY = 1;
			};
			name = Release;
		};
/* End XCBuildConfiguration section */

/* Begin XCConfigurationList section */
		776856AB2804C16A00363385 /* Build configuration list for PBXProject "EatWell" */ = {
			isa = XCConfigurationList;
			buildConfigurations = (
				776856C52804C17000363385 /* Debug */,
				776856C62804C17000363385 /* Release */,
			);
			defaultConfigurationIsVisible = 0;
			defaultConfigurationName = Release;
		};
		776856C72804C17000363385 /* Build configuration list for PBXNativeTarget "EatWell" */ = {
			isa = XCConfigurationList;
			buildConfigurations = (
				776856C82804C17000363385 /* Debug */,
				776856C92804C17000363385 /* Release */,
			);
			defaultConfigurationIsVisible = 0;
			defaultConfigurationName = Release;
		};
/* End XCConfigurationList section */

/* Begin XCVersionGroup section */
		776856BC2804C16A00363385 /* EatWell.xcdatamodeld */ = {
			isa = XCVersionGroup;
			children = (
				776856BD2804C16A00363385 /* EatWell.xcdatamodel */,
			);
			currentVersion = 776856BD2804C16A00363385 /* EatWell.xcdatamodel */;
			path = EatWell.xcdatamodeld;
			sourceTree = "<group>";
			versionGroupType = wrapper.xcdatamodel;
		};
/* End XCVersionGroup section */
	};
	rootObject = 776856A82804C16A00363385 /* Project object */;
}
